// !$*UTF8*$!
{
	archiveVersion = 1;
	classes = {
	};
	objectVersion = 46;
	objects = {

/* Begin PBXBuildFile section */
		32517A5F1E595B2500117B17 /* main.m in Sources */ = {isa = PBXBuildFile; fileRef = 32517A5E1E595B2500117B17 /* main.m */; };
		32517A621E595B2500117B17 /* AppDelegate.m in Sources */ = {isa = PBXBuildFile; fileRef = 32517A611E595B2500117B17 /* AppDelegate.m */; };
		32517A651E595B2500117B17 /* ViewController.m in Sources */ = {isa = PBXBuildFile; fileRef = 32517A641E595B2500117B17 /* ViewController.m */; };
		32517A681E595B2500117B17 /* Main.storyboard in Resources */ = {isa = PBXBuildFile; fileRef = 32517A661E595B2500117B17 /* Main.storyboard */; };
		32517A6A1E595B2500117B17 /* Assets.xcassets in Resources */ = {isa = PBXBuildFile; fileRef = 32517A691E595B2500117B17 /* Assets.xcassets */; };
		32517A6D1E595B2500117B17 /* LaunchScreen.storyboard in Resources */ = {isa = PBXBuildFile; fileRef = 32517A6B1E595B2500117B17 /* LaunchScreen.storyboard */; };
		32517A781E595B2500117B17 /* MovieCrawlerTests.m in Sources */ = {isa = PBXBuildFile; fileRef = 32517A771E595B2500117B17 /* MovieCrawlerTests.m */; };
		32517A831E595B2500117B17 /* MovieCrawlerUITests.m in Sources */ = {isa = PBXBuildFile; fileRef = 32517A821E595B2500117B17 /* MovieCrawlerUITests.m */; };
		32517A921E59657400117B17 /* TableViewController.m in Sources */ = {isa = PBXBuildFile; fileRef = 32517A911E59657400117B17 /* TableViewController.m */; };
		32517A951E59661800117B17 /* TableViewCell.m in Sources */ = {isa = PBXBuildFile; fileRef = 32517A941E59661800117B17 /* TableViewCell.m */; };
		32517A981E59673A00117B17 /* ViewController2.m in Sources */ = {isa = PBXBuildFile; fileRef = 32517A971E59673A00117B17 /* ViewController2.m */; };
		32517A9F1E598E8000117B17 /* ViewController3.m in Sources */ = {isa = PBXBuildFile; fileRef = 32517A9E1E598E8000117B17 /* ViewController3.m */; };
		32517AA21E59933700117B17 /* AVFoundation.framework in Frameworks */ = {isa = PBXBuildFile; fileRef = 32517AA11E59933700117B17 /* AVFoundation.framework */; };
		32517AA41E59934200117B17 /* AVKit.framework in Frameworks */ = {isa = PBXBuildFile; fileRef = 32517AA31E59934200117B17 /* AVKit.framework */; };
		32517AA91E59A60F00117B17 /* Social.framework in Frameworks */ = {isa = PBXBuildFile; fileRef = 32517AA81E59A60F00117B17 /* Social.framework */; };
		32645BDD200B0F8100BE6DE1 /* g20.tiff in Resources */ = {isa = PBXBuildFile; fileRef = 32645B82200B0F7C00BE6DE1 /* g20.tiff */; };
		32645BDE200B0F8100BE6DE1 /* g29.tiff in Resources */ = {isa = PBXBuildFile; fileRef = 32645B83200B0F7C00BE6DE1 /* g29.tiff */; };
		32645BDF200B0F8100BE6DE1 /* g33.tiff in Resources */ = {isa = PBXBuildFile; fileRef = 32645B84200B0F7C00BE6DE1 /* g33.tiff */; };
		32645BE0200B0F8100BE6DE1 /* g83.tiff in Resources */ = {isa = PBXBuildFile; fileRef = 32645B85200B0F7C00BE6DE1 /* g83.tiff */; };
		32645BE1200B0F8100BE6DE1 /* g31.tiff in Resources */ = {isa = PBXBuildFile; fileRef = 32645B86200B0F7C00BE6DE1 /* g31.tiff */; };
		32645BE2200B0F8100BE6DE1 /* g36.tiff in Resources */ = {isa = PBXBuildFile; fileRef = 32645B87200B0F7C00BE6DE1 /* g36.tiff */; };
		32645BE3200B0F8100BE6DE1 /* g47.tiff in Resources */ = {isa = PBXBuildFile; fileRef = 32645B88200B0F7C00BE6DE1 /* g47.tiff */; };
		32645BE4200B0F8100BE6DE1 /* g27.tiff in Resources */ = {isa = PBXBuildFile; fileRef = 32645B89200B0F7C00BE6DE1 /* g27.tiff */; };
		32645BE5200B0F8100BE6DE1 /* g68.tiff in Resources */ = {isa = PBXBuildFile; fileRef = 32645B8A200B0F7C00BE6DE1 /* g68.tiff */; };
		32645BE6200B0F8100BE6DE1 /* g49.tiff in Resources */ = {isa = PBXBuildFile; fileRef = 32645B8B200B0F7C00BE6DE1 /* g49.tiff */; };
		32645BE7200B0F8100BE6DE1 /* g57.tiff in Resources */ = {isa = PBXBuildFile; fileRef = 32645B8C200B0F7C00BE6DE1 /* g57.tiff */; };
		32645BE8200B0F8100BE6DE1 /* g60.tiff in Resources */ = {isa = PBXBuildFile; fileRef = 32645B8D200B0F7C00BE6DE1 /* g60.tiff */; };
		32645BE9200B0F8100BE6DE1 /* g18.tiff in Resources */ = {isa = PBXBuildFile; fileRef = 32645B8E200B0F7C00BE6DE1 /* g18.tiff */; };
		32645BEA200B0F8100BE6DE1 /* g71.tiff in Resources */ = {isa = PBXBuildFile; fileRef = 32645B8F200B0F7C00BE6DE1 /* g71.tiff */; };
		32645BEB200B0F8100BE6DE1 /* g72.tiff in Resources */ = {isa = PBXBuildFile; fileRef = 32645B90200B0F7C00BE6DE1 /* g72.tiff */; };
		32645BEC200B0F8100BE6DE1 /* g45.tiff in Resources */ = {isa = PBXBuildFile; fileRef = 32645B91200B0F7C00BE6DE1 /* g45.tiff */; };
		32645BED200B0F8100BE6DE1 /* g9.tiff in Resources */ = {isa = PBXBuildFile; fileRef = 32645B92200B0F7C00BE6DE1 /* g9.tiff */; };
		32645BEE200B0F8100BE6DE1 /* g1.png in Resources */ = {isa = PBXBuildFile; fileRef = 32645B93200B0F7C00BE6DE1 /* g1.png */; };
		32645BEF200B0F8100BE6DE1 /* g13.tiff in Resources */ = {isa = PBXBuildFile; fileRef = 32645B94200B0F7D00BE6DE1 /* g13.tiff */; };
		32645BF0200B0F8100BE6DE1 /* g15.tiff in Resources */ = {isa = PBXBuildFile; fileRef = 32645B95200B0F7D00BE6DE1 /* g15.tiff */; };
		32645BF1200B0F8100BE6DE1 /* g41.tiff in Resources */ = {isa = PBXBuildFile; fileRef = 32645B96200B0F7D00BE6DE1 /* g41.tiff */; };
		32645BF2200B0F8100BE6DE1 /* g52.tiff in Resources */ = {isa = PBXBuildFile; fileRef = 32645B97200B0F7D00BE6DE1 /* g52.tiff */; };
		32645BF3200B0F8100BE6DE1 /* g1.tiff in Resources */ = {isa = PBXBuildFile; fileRef = 32645B98200B0F7D00BE6DE1 /* g1.tiff */; };
		32645BF4200B0F8100BE6DE1 /* g37.tiff in Resources */ = {isa = PBXBuildFile; fileRef = 32645B99200B0F7D00BE6DE1 /* g37.tiff */; };
		32645BF5200B0F8100BE6DE1 /* g56.tiff in Resources */ = {isa = PBXBuildFile; fileRef = 32645B9A200B0F7D00BE6DE1 /* g56.tiff */; };
		32645BF6200B0F8100BE6DE1 /* g54.tiff in Resources */ = {isa = PBXBuildFile; fileRef = 32645B9B200B0F7D00BE6DE1 /* g54.tiff */; };
		32645BF7200B0F8100BE6DE1 /* g55.tiff in Resources */ = {isa = PBXBuildFile; fileRef = 32645B9C200B0F7D00BE6DE1 /* g55.tiff */; };
		32645BF8200B0F8100BE6DE1 /* g62.tiff in Resources */ = {isa = PBXBuildFile; fileRef = 32645B9D200B0F7D00BE6DE1 /* g62.tiff */; };
		32645BF9200B0F8100BE6DE1 /* g50.tiff in Resources */ = {isa = PBXBuildFile; fileRef = 32645B9E200B0F7D00BE6DE1 /* g50.tiff */; };
		32645BFA200B0F8100BE6DE1 /* g67.tiff in Resources */ = {isa = PBXBuildFile; fileRef = 32645B9F200B0F7D00BE6DE1 /* g67.tiff */; };
		32645BFB200B0F8100BE6DE1 /* g12.tiff in Resources */ = {isa = PBXBuildFile; fileRef = 32645BA0200B0F7D00BE6DE1 /* g12.tiff */; };
		32645BFC200B0F8100BE6DE1 /* g43.tiff in Resources */ = {isa = PBXBuildFile; fileRef = 32645BA1200B0F7D00BE6DE1 /* g43.tiff */; };
		32645BFD200B0F8100BE6DE1 /* g63.tiff in Resources */ = {isa = PBXBuildFile; fileRef = 32645BA2200B0F7D00BE6DE1 /* g63.tiff */; };
		32645BFE200B0F8100BE6DE1 /* g17.tiff in Resources */ = {isa = PBXBuildFile; fileRef = 32645BA3200B0F7D00BE6DE1 /* g17.tiff */; };
		32645BFF200B0F8100BE6DE1 /* g74.tiff in Resources */ = {isa = PBXBuildFile; fileRef = 32645BA4200B0F7E00BE6DE1 /* g74.tiff */; };
		32645C00200B0F8100BE6DE1 /* g76.tiff in Resources */ = {isa = PBXBuildFile; fileRef = 32645BA5200B0F7E00BE6DE1 /* g76.tiff */; };
		32645C01200B0F8100BE6DE1 /* g79.tiff in Resources */ = {isa = PBXBuildFile; fileRef = 32645BA6200B0F7E00BE6DE1 /* g79.tiff */; };
		32645C02200B0F8100BE6DE1 /* g77.tiff in Resources */ = {isa = PBXBuildFile; fileRef = 32645BA7200B0F7E00BE6DE1 /* g77.tiff */; };
		32645C03200B0F8100BE6DE1 /* g30.tiff in Resources */ = {isa = PBXBuildFile; fileRef = 32645BA8200B0F7E00BE6DE1 /* g30.tiff */; };
		32645C04200B0F8100BE6DE1 /* c1.tiff in Resources */ = {isa = PBXBuildFile; fileRef = 32645BA9200B0F7E00BE6DE1 /* c1.tiff */; };
		32645C05200B0F8100BE6DE1 /* c3.tiff in Resources */ = {isa = PBXBuildFile; fileRef = 32645BAA200B0F7E00BE6DE1 /* c3.tiff */; };
		32645C06200B0F8100BE6DE1 /* ca.gif in Resources */ = {isa = PBXBuildFile; fileRef = 32645BAB200B0F7E00BE6DE1 /* ca.gif */; };
		32645C07200B0F8100BE6DE1 /* g48.tiff in Resources */ = {isa = PBXBuildFile; fileRef = 32645BAC200B0F7E00BE6DE1 /* g48.tiff */; };
		32645C08200B0F8100BE6DE1 /* c4.tiff in Resources */ = {isa = PBXBuildFile; fileRef = 32645BAD200B0F7E00BE6DE1 /* c4.tiff */; };
		32645C09200B0F8100BE6DE1 /* g3.tiff in Resources */ = {isa = PBXBuildFile; fileRef = 32645BAE200B0F7E00BE6DE1 /* g3.tiff */; };
		32645C0A200B0F8100BE6DE1 /* g7.tiff in Resources */ = {isa = PBXBuildFile; fileRef = 32645BAF200B0F7E00BE6DE1 /* g7.tiff */; };
		32645C0B200B0F8100BE6DE1 /* g14.tiff in Resources */ = {isa = PBXBuildFile; fileRef = 32645BB0200B0F7E00BE6DE1 /* g14.tiff */; };
		32645C0C200B0F8100BE6DE1 /* g39.tiff in Resources */ = {isa = PBXBuildFile; fileRef = 32645BB1200B0F7F00BE6DE1 /* g39.tiff */; };
		32645C0D200B0F8100BE6DE1 /* g44.tiff in Resources */ = {isa = PBXBuildFile; fileRef = 32645BB2200B0F7F00BE6DE1 /* g44.tiff */; };
		32645C0E200B0F8100BE6DE1 /* g59.tiff in Resources */ = {isa = PBXBuildFile; fileRef = 32645BB3200B0F7F00BE6DE1 /* g59.tiff */; };
		32645C0F200B0F8100BE6DE1 /* g80.tiff in Resources */ = {isa = PBXBuildFile; fileRef = 32645BB4200B0F7F00BE6DE1 /* g80.tiff */; };
		32645C10200B0F8100BE6DE1 /* g81.tiff in Resources */ = {isa = PBXBuildFile; fileRef = 32645BB5200B0F7F00BE6DE1 /* g81.tiff */; };
		32645C11200B0F8100BE6DE1 /* g24.tiff in Resources */ = {isa = PBXBuildFile; fileRef = 32645BB6200B0F7F00BE6DE1 /* g24.tiff */; };
		32645C12200B0F8100BE6DE1 /* g73.tiff in Resources */ = {isa = PBXBuildFile; fileRef = 32645BB7200B0F7F00BE6DE1 /* g73.tiff */; };
		32645C13200B0F8100BE6DE1 /* g10.tiff in Resources */ = {isa = PBXBuildFile; fileRef = 32645BB8200B0F7F00BE6DE1 /* g10.tiff */; };
		32645C14200B0F8100BE6DE1 /* g64.tiff in Resources */ = {isa = PBXBuildFile; fileRef = 32645BB9200B0F7F00BE6DE1 /* g64.tiff */; };
		32645C15200B0F8100BE6DE1 /* g38.tiff in Resources */ = {isa = PBXBuildFile; fileRef = 32645BBA200B0F7F00BE6DE1 /* g38.tiff */; };
		32645C16200B0F8100BE6DE1 /* g66.tiff in Resources */ = {isa = PBXBuildFile; fileRef = 32645BBB200B0F7F00BE6DE1 /* g66.tiff */; };
		32645C17200B0F8100BE6DE1 /* g21.tiff in Resources */ = {isa = PBXBuildFile; fileRef = 32645BBC200B0F7F00BE6DE1 /* g21.tiff */; };
		32645C18200B0F8100BE6DE1 /* g22.tiff in Resources */ = {isa = PBXBuildFile; fileRef = 32645BBD200B0F8000BE6DE1 /* g22.tiff */; };
		32645C19200B0F8100BE6DE1 /* g82.tiff in Resources */ = {isa = PBXBuildFile; fileRef = 32645BBE200B0F8000BE6DE1 /* g82.tiff */; };
		32645C1A200B0F8100BE6DE1 /* giphy.gif in Resources */ = {isa = PBXBuildFile; fileRef = 32645BBF200B0F8000BE6DE1 /* giphy.gif */; };
		32645C1B200B0F8100BE6DE1 /* g42.tiff in Resources */ = {isa = PBXBuildFile; fileRef = 32645BC0200B0F8000BE6DE1 /* g42.tiff */; };
		32645C1C200B0F8100BE6DE1 /* g58.tiff in Resources */ = {isa = PBXBuildFile; fileRef = 32645BC1200B0F8000BE6DE1 /* g58.tiff */; };
		32645C1D200B0F8100BE6DE1 /* g70.tiff in Resources */ = {isa = PBXBuildFile; fileRef = 32645BC2200B0F8000BE6DE1 /* g70.tiff */; };
		32645C1E200B0F8100BE6DE1 /* g75.tiff in Resources */ = {isa = PBXBuildFile; fileRef = 32645BC3200B0F8000BE6DE1 /* g75.tiff */; };
		32645C1F200B0F8100BE6DE1 /* g53.tiff in Resources */ = {isa = PBXBuildFile; fileRef = 32645BC4200B0F8000BE6DE1 /* g53.tiff */; };
		32645C20200B0F8100BE6DE1 /* g35.tiff in Resources */ = {isa = PBXBuildFile; fileRef = 32645BC5200B0F8000BE6DE1 /* g35.tiff */; };
		32645C21200B0F8100BE6DE1 /* g51.tiff in Resources */ = {isa = PBXBuildFile; fileRef = 32645BC6200B0F8000BE6DE1 /* g51.tiff */; };
		32645C22200B0F8100BE6DE1 /* g4.tiff in Resources */ = {isa = PBXBuildFile; fileRef = 32645BC7200B0F8000BE6DE1 /* g4.tiff */; };
		32645C23200B0F8100BE6DE1 /* g65.tiff in Resources */ = {isa = PBXBuildFile; fileRef = 32645BC8200B0F8000BE6DE1 /* g65.tiff */; };
		32645C24200B0F8100BE6DE1 /* g78.tiff in Resources */ = {isa = PBXBuildFile; fileRef = 32645BC9200B0F8100BE6DE1 /* g78.tiff */; };
		32645C25200B0F8100BE6DE1 /* g61.tiff in Resources */ = {isa = PBXBuildFile; fileRef = 32645BCA200B0F8100BE6DE1 /* g61.tiff */; };
		32645C26200B0F8100BE6DE1 /* g84.tiff in Resources */ = {isa = PBXBuildFile; fileRef = 32645BCB200B0F8100BE6DE1 /* g84.tiff */; };
		32645C27200B0F8100BE6DE1 /* g11.tiff in Resources */ = {isa = PBXBuildFile; fileRef = 32645BCC200B0F8100BE6DE1 /* g11.tiff */; };
		32645C28200B0F8100BE6DE1 /* c2.tiff in Resources */ = {isa = PBXBuildFile; fileRef = 32645BCD200B0F8100BE6DE1 /* c2.tiff */; };
		32645C29200B0F8100BE6DE1 /* g16.tiff in Resources */ = {isa = PBXBuildFile; fileRef = 32645BCE200B0F8100BE6DE1 /* g16.tiff */; };
		32645C2A200B0F8100BE6DE1 /* g69.tiff in Resources */ = {isa = PBXBuildFile; fileRef = 32645BCF200B0F8100BE6DE1 /* g69.tiff */; };
		32645C2B200B0F8100BE6DE1 /* g2.tiff in Resources */ = {isa = PBXBuildFile; fileRef = 32645BD0200B0F8100BE6DE1 /* g2.tiff */; };
		32645C2C200B0F8100BE6DE1 /* g6.tiff in Resources */ = {isa = PBXBuildFile; fileRef = 32645BD1200B0F8100BE6DE1 /* g6.tiff */; };
		32645C2D200B0F8100BE6DE1 /* g8.tiff in Resources */ = {isa = PBXBuildFile; fileRef = 32645BD2200B0F8100BE6DE1 /* g8.tiff */; };
		32645C2E200B0F8100BE6DE1 /* g5.tiff in Resources */ = {isa = PBXBuildFile; fileRef = 32645BD3200B0F8100BE6DE1 /* g5.tiff */; };
		32645C2F200B0F8100BE6DE1 /* g46.tiff in Resources */ = {isa = PBXBuildFile; fileRef = 32645BD4200B0F8100BE6DE1 /* g46.tiff */; };
		32645C30200B0F8100BE6DE1 /* g28.tiff in Resources */ = {isa = PBXBuildFile; fileRef = 32645BD5200B0F8100BE6DE1 /* g28.tiff */; };
		32645C31200B0F8100BE6DE1 /* g34.tiff in Resources */ = {isa = PBXBuildFile; fileRef = 32645BD6200B0F8100BE6DE1 /* g34.tiff */; };
		32645C32200B0F8100BE6DE1 /* g25.tiff in Resources */ = {isa = PBXBuildFile; fileRef = 32645BD7200B0F8100BE6DE1 /* g25.tiff */; };
		32645C33200B0F8100BE6DE1 /* g26.tiff in Resources */ = {isa = PBXBuildFile; fileRef = 32645BD8200B0F8100BE6DE1 /* g26.tiff */; };
		32645C34200B0F8100BE6DE1 /* g19.tiff in Resources */ = {isa = PBXBuildFile; fileRef = 32645BD9200B0F8100BE6DE1 /* g19.tiff */; };
		32645C35200B0F8100BE6DE1 /* g23.tiff in Resources */ = {isa = PBXBuildFile; fileRef = 32645BDA200B0F8100BE6DE1 /* g23.tiff */; };
		32645C36200B0F8100BE6DE1 /* g32.tiff in Resources */ = {isa = PBXBuildFile; fileRef = 32645BDB200B0F8100BE6DE1 /* g32.tiff */; };
		32645C37200B0F8100BE6DE1 /* g40.tiff in Resources */ = {isa = PBXBuildFile; fileRef = 32645BDC200B0F8100BE6DE1 /* g40.tiff */; };
		32645C42200B102400BE6DE1 /* h5.mp4 in Resources */ = {isa = PBXBuildFile; fileRef = 32645C38200B102400BE6DE1 /* h5.mp4 */; };
		32645C43200B102400BE6DE1 /* h2.mp4 in Resources */ = {isa = PBXBuildFile; fileRef = 32645C39200B102400BE6DE1 /* h2.mp4 */; };
		32645C44200B102400BE6DE1 /* h4.mp4 in Resources */ = {isa = PBXBuildFile; fileRef = 32645C3A200B102400BE6DE1 /* h4.mp4 */; };
		32645C45200B102400BE6DE1 /* h1.mp4 in Resources */ = {isa = PBXBuildFile; fileRef = 32645C3B200B102400BE6DE1 /* h1.mp4 */; };
		32645C46200B102400BE6DE1 /* h7.mp4 in Resources */ = {isa = PBXBuildFile; fileRef = 32645C3C200B102400BE6DE1 /* h7.mp4 */; };
		32645C47200B102400BE6DE1 /* b.jpg in Resources */ = {isa = PBXBuildFile; fileRef = 32645C3D200B102400BE6DE1 /* b.jpg */; };
		32645C48200B102400BE6DE1 /* h6.mp4 in Resources */ = {isa = PBXBuildFile; fileRef = 32645C3E200B102400BE6DE1 /* h6.mp4 */; };
		32645C49200B102400BE6DE1 /* tw.png in Resources */ = {isa = PBXBuildFile; fileRef = 32645C3F200B102400BE6DE1 /* tw.png */; };
		32645C4A200B102400BE6DE1 /* h3.mp4 in Resources */ = {isa = PBXBuildFile; fileRef = 32645C40200B102400BE6DE1 /* h3.mp4 */; };
		32645C4B200B102400BE6DE1 /* fb.png in Resources */ = {isa = PBXBuildFile; fileRef = 32645C41200B102400BE6DE1 /* fb.png */; };
		32645C54200B107700BE6DE1 /* i1.jpg in Resources */ = {isa = PBXBuildFile; fileRef = 32645C4C200B107700BE6DE1 /* i1.jpg */; };
		32645C55200B107700BE6DE1 /* i2.jpg in Resources */ = {isa = PBXBuildFile; fileRef = 32645C4D200B107700BE6DE1 /* i2.jpg */; };
		32645C56200B107700BE6DE1 /* i5.jpg in Resources */ = {isa = PBXBuildFile; fileRef = 32645C4E200B107700BE6DE1 /* i5.jpg */; };
		32645C57200B107700BE6DE1 /* TV1.jpg in Resources */ = {isa = PBXBuildFile; fileRef = 32645C4F200B107700BE6DE1 /* TV1.jpg */; };
		32645C58200B107700BE6DE1 /* i7.jpg in Resources */ = {isa = PBXBuildFile; fileRef = 32645C50200B107700BE6DE1 /* i7.jpg */; };
		32645C59200B107700BE6DE1 /* i3.jpg in Resources */ = {isa = PBXBuildFile; fileRef = 32645C51200B107700BE6DE1 /* i3.jpg */; };
		32645C5A200B107700BE6DE1 /* i6.jpg in Resources */ = {isa = PBXBuildFile; fileRef = 32645C52200B107700BE6DE1 /* i6.jpg */; };
		32645C5B200B107700BE6DE1 /* i4.jpg in Resources */ = {isa = PBXBuildFile; fileRef = 32645C53200B107700BE6DE1 /* i4.jpg */; };
/* End PBXBuildFile section */

/* Begin PBXContainerItemProxy section */
		32517A741E595B2500117B17 /* PBXContainerItemProxy */ = {
			isa = PBXContainerItemProxy;
			containerPortal = 32517A521E595B2500117B17 /* Project object */;
			proxyType = 1;
			remoteGlobalIDString = 32517A591E595B2500117B17;
			remoteInfo = MovieCrawler;
		};
		32517A7F1E595B2500117B17 /* PBXContainerItemProxy */ = {
			isa = PBXContainerItemProxy;
			containerPortal = 32517A521E595B2500117B17 /* Project object */;
			proxyType = 1;
			remoteGlobalIDString = 32517A591E595B2500117B17;
			remoteInfo = MovieCrawler;
		};
/* End PBXContainerItemProxy section */

/* Begin PBXFileReference section */
		32517A5A1E595B2500117B17 /* MovieCrawler.app */ = {isa = PBXFileReference; explicitFileType = wrapper.application; includeInIndex = 0; path = MovieCrawler.app; sourceTree = BUILT_PRODUCTS_DIR; };
		32517A5E1E595B2500117B17 /* main.m */ = {isa = PBXFileReference; lastKnownFileType = sourcecode.c.objc; path = main.m; sourceTree = "<group>"; };
		32517A601E595B2500117B17 /* AppDelegate.h */ = {isa = PBXFileReference; lastKnownFileType = sourcecode.c.h; path = AppDelegate.h; sourceTree = "<group>"; };
		32517A611E595B2500117B17 /* AppDelegate.m */ = {isa = PBXFileReference; lastKnownFileType = sourcecode.c.objc; path = AppDelegate.m; sourceTree = "<group>"; };
		32517A631E595B2500117B17 /* ViewController.h */ = {isa = PBXFileReference; lastKnownFileType = sourcecode.c.h; path = ViewController.h; sourceTree = "<group>"; };
		32517A641E595B2500117B17 /* ViewController.m */ = {isa = PBXFileReference; lastKnownFileType = sourcecode.c.objc; path = ViewController.m; sourceTree = "<group>"; };
		32517A671E595B2500117B17 /* Base */ = {isa = PBXFileReference; lastKnownFileType = file.storyboard; name = Base; path = Base.lproj/Main.storyboard; sourceTree = "<group>"; };
		32517A691E595B2500117B17 /* Assets.xcassets */ = {isa = PBXFileReference; lastKnownFileType = folder.assetcatalog; path = Assets.xcassets; sourceTree = "<group>"; };
		32517A6C1E595B2500117B17 /* Base */ = {isa = PBXFileReference; lastKnownFileType = file.storyboard; name = Base; path = Base.lproj/LaunchScreen.storyboard; sourceTree = "<group>"; };
		32517A6E1E595B2500117B17 /* Info.plist */ = {isa = PBXFileReference; lastKnownFileType = text.plist.xml; path = Info.plist; sourceTree = "<group>"; };
		32517A731E595B2500117B17 /* MovieCrawlerTests.xctest */ = {isa = PBXFileReference; explicitFileType = wrapper.cfbundle; includeInIndex = 0; path = MovieCrawlerTests.xctest; sourceTree = BUILT_PRODUCTS_DIR; };
		32517A771E595B2500117B17 /* MovieCrawlerTests.m */ = {isa = PBXFileReference; lastKnownFileType = sourcecode.c.objc; path = MovieCrawlerTests.m; sourceTree = "<group>"; };
		32517A791E595B2500117B17 /* Info.plist */ = {isa = PBXFileReference; lastKnownFileType = text.plist.xml; path = Info.plist; sourceTree = "<group>"; };
		32517A7E1E595B2500117B17 /* MovieCrawlerUITests.xctest */ = {isa = PBXFileReference; explicitFileType = wrapper.cfbundle; includeInIndex = 0; path = MovieCrawlerUITests.xctest; sourceTree = BUILT_PRODUCTS_DIR; };
		32517A821E595B2500117B17 /* MovieCrawlerUITests.m */ = {isa = PBXFileReference; lastKnownFileType = sourcecode.c.objc; path = MovieCrawlerUITests.m; sourceTree = "<group>"; };
		32517A841E595B2500117B17 /* Info.plist */ = {isa = PBXFileReference; lastKnownFileType = text.plist.xml; path = Info.plist; sourceTree = "<group>"; };
		32517A901E59657400117B17 /* TableViewController.h */ = {isa = PBXFileReference; fileEncoding = 4; lastKnownFileType = sourcecode.c.h; path = TableViewController.h; sourceTree = "<group>"; };
		32517A911E59657400117B17 /* TableViewController.m */ = {isa = PBXFileReference; fileEncoding = 4; lastKnownFileType = sourcecode.c.objc; path = TableViewController.m; sourceTree = "<group>"; };
		32517A931E59661800117B17 /* TableViewCell.h */ = {isa = PBXFileReference; fileEncoding = 4; lastKnownFileType = sourcecode.c.h; path = TableViewCell.h; sourceTree = "<group>"; };
		32517A941E59661800117B17 /* TableViewCell.m */ = {isa = PBXFileReference; fileEncoding = 4; lastKnownFileType = sourcecode.c.objc; path = TableViewCell.m; sourceTree = "<group>"; };
		32517A961E59673A00117B17 /* ViewController2.h */ = {isa = PBXFileReference; fileEncoding = 4; lastKnownFileType = sourcecode.c.h; path = ViewController2.h; sourceTree = "<group>"; };
		32517A971E59673A00117B17 /* ViewController2.m */ = {isa = PBXFileReference; fileEncoding = 4; lastKnownFileType = sourcecode.c.objc; path = ViewController2.m; sourceTree = "<group>"; };
		32517A9D1E598E8000117B17 /* ViewController3.h */ = {isa = PBXFileReference; fileEncoding = 4; lastKnownFileType = sourcecode.c.h; path = ViewController3.h; sourceTree = "<group>"; };
		32517A9E1E598E8000117B17 /* ViewController3.m */ = {isa = PBXFileReference; fileEncoding = 4; lastKnownFileType = sourcecode.c.objc; path = ViewController3.m; sourceTree = "<group>"; };
		32517AA11E59933700117B17 /* AVFoundation.framework */ = {isa = PBXFileReference; lastKnownFileType = wrapper.framework; name = AVFoundation.framework; path = System/Library/Frameworks/AVFoundation.framework; sourceTree = SDKROOT; };
		32517AA31E59934200117B17 /* AVKit.framework */ = {isa = PBXFileReference; lastKnownFileType = wrapper.framework; name = AVKit.framework; path = System/Library/Frameworks/AVKit.framework; sourceTree = SDKROOT; };
		32517AA81E59A60F00117B17 /* Social.framework */ = {isa = PBXFileReference; lastKnownFileType = wrapper.framework; name = Social.framework; path = System/Library/Frameworks/Social.framework; sourceTree = SDKROOT; };
		32645B82200B0F7C00BE6DE1 /* g20.tiff */ = {isa = PBXFileReference; lastKnownFileType = image.tiff; name = g20.tiff; path = Loading_Img/g20.tiff; sourceTree = SOURCE_ROOT; };
		32645B83200B0F7C00BE6DE1 /* g29.tiff */ = {isa = PBXFileReference; lastKnownFileType = image.tiff; name = g29.tiff; path = Loading_Img/g29.tiff; sourceTree = SOURCE_ROOT; };
		32645B84200B0F7C00BE6DE1 /* g33.tiff */ = {isa = PBXFileReference; lastKnownFileType = image.tiff; name = g33.tiff; path = Loading_Img/g33.tiff; sourceTree = SOURCE_ROOT; };
		32645B85200B0F7C00BE6DE1 /* g83.tiff */ = {isa = PBXFileReference; lastKnownFileType = image.tiff; name = g83.tiff; path = Loading_Img/g83.tiff; sourceTree = SOURCE_ROOT; };
		32645B86200B0F7C00BE6DE1 /* g31.tiff */ = {isa = PBXFileReference; lastKnownFileType = image.tiff; name = g31.tiff; path = Loading_Img/g31.tiff; sourceTree = SOURCE_ROOT; };
		32645B87200B0F7C00BE6DE1 /* g36.tiff */ = {isa = PBXFileReference; lastKnownFileType = image.tiff; name = g36.tiff; path = Loading_Img/g36.tiff; sourceTree = SOURCE_ROOT; };
		32645B88200B0F7C00BE6DE1 /* g47.tiff */ = {isa = PBXFileReference; lastKnownFileType = image.tiff; name = g47.tiff; path = Loading_Img/g47.tiff; sourceTree = SOURCE_ROOT; };
		32645B89200B0F7C00BE6DE1 /* g27.tiff */ = {isa = PBXFileReference; lastKnownFileType = image.tiff; name = g27.tiff; path = Loading_Img/g27.tiff; sourceTree = SOURCE_ROOT; };
		32645B8A200B0F7C00BE6DE1 /* g68.tiff */ = {isa = PBXFileReference; lastKnownFileType = image.tiff; name = g68.tiff; path = Loading_Img/g68.tiff; sourceTree = SOURCE_ROOT; };
		32645B8B200B0F7C00BE6DE1 /* g49.tiff */ = {isa = PBXFileReference; lastKnownFileType = image.tiff; name = g49.tiff; path = Loading_Img/g49.tiff; sourceTree = SOURCE_ROOT; };
		32645B8C200B0F7C00BE6DE1 /* g57.tiff */ = {isa = PBXFileReference; lastKnownFileType = image.tiff; name = g57.tiff; path = Loading_Img/g57.tiff; sourceTree = SOURCE_ROOT; };
		32645B8D200B0F7C00BE6DE1 /* g60.tiff */ = {isa = PBXFileReference; lastKnownFileType = image.tiff; name = g60.tiff; path = Loading_Img/g60.tiff; sourceTree = SOURCE_ROOT; };
		32645B8E200B0F7C00BE6DE1 /* g18.tiff */ = {isa = PBXFileReference; lastKnownFileType = image.tiff; name = g18.tiff; path = Loading_Img/g18.tiff; sourceTree = SOURCE_ROOT; };
		32645B8F200B0F7C00BE6DE1 /* g71.tiff */ = {isa = PBXFileReference; lastKnownFileType = image.tiff; name = g71.tiff; path = Loading_Img/g71.tiff; sourceTree = SOURCE_ROOT; };
		32645B90200B0F7C00BE6DE1 /* g72.tiff */ = {isa = PBXFileReference; lastKnownFileType = image.tiff; name = g72.tiff; path = Loading_Img/g72.tiff; sourceTree = SOURCE_ROOT; };
		32645B91200B0F7C00BE6DE1 /* g45.tiff */ = {isa = PBXFileReference; lastKnownFileType = image.tiff; name = g45.tiff; path = Loading_Img/g45.tiff; sourceTree = SOURCE_ROOT; };
		32645B92200B0F7C00BE6DE1 /* g9.tiff */ = {isa = PBXFileReference; lastKnownFileType = image.tiff; name = g9.tiff; path = Loading_Img/g9.tiff; sourceTree = SOURCE_ROOT; };
		32645B93200B0F7C00BE6DE1 /* g1.png */ = {isa = PBXFileReference; lastKnownFileType = image.png; name = g1.png; path = Loading_Img/g1.png; sourceTree = SOURCE_ROOT; };
		32645B94200B0F7D00BE6DE1 /* g13.tiff */ = {isa = PBXFileReference; lastKnownFileType = image.tiff; name = g13.tiff; path = Loading_Img/g13.tiff; sourceTree = SOURCE_ROOT; };
		32645B95200B0F7D00BE6DE1 /* g15.tiff */ = {isa = PBXFileReference; lastKnownFileType = image.tiff; name = g15.tiff; path = Loading_Img/g15.tiff; sourceTree = SOURCE_ROOT; };
		32645B96200B0F7D00BE6DE1 /* g41.tiff */ = {isa = PBXFileReference; lastKnownFileType = image.tiff; name = g41.tiff; path = Loading_Img/g41.tiff; sourceTree = SOURCE_ROOT; };
		32645B97200B0F7D00BE6DE1 /* g52.tiff */ = {isa = PBXFileReference; lastKnownFileType = image.tiff; name = g52.tiff; path = Loading_Img/g52.tiff; sourceTree = SOURCE_ROOT; };
		32645B98200B0F7D00BE6DE1 /* g1.tiff */ = {isa = PBXFileReference; lastKnownFileType = image.tiff; name = g1.tiff; path = Loading_Img/g1.tiff; sourceTree = SOURCE_ROOT; };
		32645B99200B0F7D00BE6DE1 /* g37.tiff */ = {isa = PBXFileReference; lastKnownFileType = image.tiff; name = g37.tiff; path = Loading_Img/g37.tiff; sourceTree = SOURCE_ROOT; };
		32645B9A200B0F7D00BE6DE1 /* g56.tiff */ = {isa = PBXFileReference; lastKnownFileType = image.tiff; name = g56.tiff; path = Loading_Img/g56.tiff; sourceTree = SOURCE_ROOT; };
		32645B9B200B0F7D00BE6DE1 /* g54.tiff */ = {isa = PBXFileReference; lastKnownFileType = image.tiff; name = g54.tiff; path = Loading_Img/g54.tiff; sourceTree = SOURCE_ROOT; };
		32645B9C200B0F7D00BE6DE1 /* g55.tiff */ = {isa = PBXFileReference; lastKnownFileType = image.tiff; name = g55.tiff; path = Loading_Img/g55.tiff; sourceTree = SOURCE_ROOT; };
		32645B9D200B0F7D00BE6DE1 /* g62.tiff */ = {isa = PBXFileReference; lastKnownFileType = image.tiff; name = g62.tiff; path = Loading_Img/g62.tiff; sourceTree = SOURCE_ROOT; };
		32645B9E200B0F7D00BE6DE1 /* g50.tiff */ = {isa = PBXFileReference; lastKnownFileType = image.tiff; name = g50.tiff; path = Loading_Img/g50.tiff; sourceTree = SOURCE_ROOT; };
		32645B9F200B0F7D00BE6DE1 /* g67.tiff */ = {isa = PBXFileReference; lastKnownFileType = image.tiff; name = g67.tiff; path = Loading_Img/g67.tiff; sourceTree = SOURCE_ROOT; };
		32645BA0200B0F7D00BE6DE1 /* g12.tiff */ = {isa = PBXFileReference; lastKnownFileType = image.tiff; name = g12.tiff; path = Loading_Img/g12.tiff; sourceTree = SOURCE_ROOT; };
		32645BA1200B0F7D00BE6DE1 /* g43.tiff */ = {isa = PBXFileReference; lastKnownFileType = image.tiff; name = g43.tiff; path = Loading_Img/g43.tiff; sourceTree = SOURCE_ROOT; };
		32645BA2200B0F7D00BE6DE1 /* g63.tiff */ = {isa = PBXFileReference; lastKnownFileType = image.tiff; name = g63.tiff; path = Loading_Img/g63.tiff; sourceTree = SOURCE_ROOT; };
		32645BA3200B0F7D00BE6DE1 /* g17.tiff */ = {isa = PBXFileReference; lastKnownFileType = image.tiff; name = g17.tiff; path = Loading_Img/g17.tiff; sourceTree = SOURCE_ROOT; };
		32645BA4200B0F7E00BE6DE1 /* g74.tiff */ = {isa = PBXFileReference; lastKnownFileType = image.tiff; name = g74.tiff; path = Loading_Img/g74.tiff; sourceTree = SOURCE_ROOT; };
		32645BA5200B0F7E00BE6DE1 /* g76.tiff */ = {isa = PBXFileReference; lastKnownFileType = image.tiff; name = g76.tiff; path = Loading_Img/g76.tiff; sourceTree = SOURCE_ROOT; };
		32645BA6200B0F7E00BE6DE1 /* g79.tiff */ = {isa = PBXFileReference; lastKnownFileType = image.tiff; name = g79.tiff; path = Loading_Img/g79.tiff; sourceTree = SOURCE_ROOT; };
		32645BA7200B0F7E00BE6DE1 /* g77.tiff */ = {isa = PBXFileReference; lastKnownFileType = image.tiff; name = g77.tiff; path = Loading_Img/g77.tiff; sourceTree = SOURCE_ROOT; };
		32645BA8200B0F7E00BE6DE1 /* g30.tiff */ = {isa = PBXFileReference; lastKnownFileType = image.tiff; name = g30.tiff; path = Loading_Img/g30.tiff; sourceTree = SOURCE_ROOT; };
		32645BA9200B0F7E00BE6DE1 /* c1.tiff */ = {isa = PBXFileReference; lastKnownFileType = image.tiff; name = c1.tiff; path = Loading_Img/c1.tiff; sourceTree = SOURCE_ROOT; };
		32645BAA200B0F7E00BE6DE1 /* c3.tiff */ = {isa = PBXFileReference; lastKnownFileType = image.tiff; name = c3.tiff; path = Loading_Img/c3.tiff; sourceTree = SOURCE_ROOT; };
		32645BAB200B0F7E00BE6DE1 /* ca.gif */ = {isa = PBXFileReference; lastKnownFileType = image.gif; name = ca.gif; path = Loading_Img/ca.gif; sourceTree = SOURCE_ROOT; };
		32645BAC200B0F7E00BE6DE1 /* g48.tiff */ = {isa = PBXFileReference; lastKnownFileType = image.tiff; name = g48.tiff; path = Loading_Img/g48.tiff; sourceTree = SOURCE_ROOT; };
		32645BAD200B0F7E00BE6DE1 /* c4.tiff */ = {isa = PBXFileReference; lastKnownFileType = image.tiff; name = c4.tiff; path = Loading_Img/c4.tiff; sourceTree = SOURCE_ROOT; };
		32645BAE200B0F7E00BE6DE1 /* g3.tiff */ = {isa = PBXFileReference; lastKnownFileType = image.tiff; name = g3.tiff; path = Loading_Img/g3.tiff; sourceTree = SOURCE_ROOT; };
		32645BAF200B0F7E00BE6DE1 /* g7.tiff */ = {isa = PBXFileReference; lastKnownFileType = image.tiff; name = g7.tiff; path = Loading_Img/g7.tiff; sourceTree = SOURCE_ROOT; };
		32645BB0200B0F7E00BE6DE1 /* g14.tiff */ = {isa = PBXFileReference; lastKnownFileType = image.tiff; name = g14.tiff; path = Loading_Img/g14.tiff; sourceTree = SOURCE_ROOT; };
		32645BB1200B0F7F00BE6DE1 /* g39.tiff */ = {isa = PBXFileReference; lastKnownFileType = image.tiff; name = g39.tiff; path = Loading_Img/g39.tiff; sourceTree = SOURCE_ROOT; };
		32645BB2200B0F7F00BE6DE1 /* g44.tiff */ = {isa = PBXFileReference; lastKnownFileType = image.tiff; name = g44.tiff; path = Loading_Img/g44.tiff; sourceTree = SOURCE_ROOT; };
		32645BB3200B0F7F00BE6DE1 /* g59.tiff */ = {isa = PBXFileReference; lastKnownFileType = image.tiff; name = g59.tiff; path = Loading_Img/g59.tiff; sourceTree = SOURCE_ROOT; };
		32645BB4200B0F7F00BE6DE1 /* g80.tiff */ = {isa = PBXFileReference; lastKnownFileType = image.tiff; name = g80.tiff; path = Loading_Img/g80.tiff; sourceTree = SOURCE_ROOT; };
		32645BB5200B0F7F00BE6DE1 /* g81.tiff */ = {isa = PBXFileReference; lastKnownFileType = image.tiff; name = g81.tiff; path = Loading_Img/g81.tiff; sourceTree = SOURCE_ROOT; };
		32645BB6200B0F7F00BE6DE1 /* g24.tiff */ = {isa = PBXFileReference; lastKnownFileType = image.tiff; name = g24.tiff; path = Loading_Img/g24.tiff; sourceTree = SOURCE_ROOT; };
		32645BB7200B0F7F00BE6DE1 /* g73.tiff */ = {isa = PBXFileReference; lastKnownFileType = image.tiff; name = g73.tiff; path = Loading_Img/g73.tiff; sourceTree = SOURCE_ROOT; };
		32645BB8200B0F7F00BE6DE1 /* g10.tiff */ = {isa = PBXFileReference; lastKnownFileType = image.tiff; name = g10.tiff; path = Loading_Img/g10.tiff; sourceTree = SOURCE_ROOT; };
		32645BB9200B0F7F00BE6DE1 /* g64.tiff */ = {isa = PBXFileReference; lastKnownFileType = image.tiff; name = g64.tiff; path = Loading_Img/g64.tiff; sourceTree = SOURCE_ROOT; };
		32645BBA200B0F7F00BE6DE1 /* g38.tiff */ = {isa = PBXFileReference; lastKnownFileType = image.tiff; name = g38.tiff; path = Loading_Img/g38.tiff; sourceTree = SOURCE_ROOT; };
		32645BBB200B0F7F00BE6DE1 /* g66.tiff */ = {isa = PBXFileReference; lastKnownFileType = image.tiff; name = g66.tiff; path = Loading_Img/g66.tiff; sourceTree = SOURCE_ROOT; };
		32645BBC200B0F7F00BE6DE1 /* g21.tiff */ = {isa = PBXFileReference; lastKnownFileType = image.tiff; name = g21.tiff; path = Loading_Img/g21.tiff; sourceTree = SOURCE_ROOT; };
		32645BBD200B0F8000BE6DE1 /* g22.tiff */ = {isa = PBXFileReference; lastKnownFileType = image.tiff; name = g22.tiff; path = Loading_Img/g22.tiff; sourceTree = SOURCE_ROOT; };
		32645BBE200B0F8000BE6DE1 /* g82.tiff */ = {isa = PBXFileReference; lastKnownFileType = image.tiff; name = g82.tiff; path = Loading_Img/g82.tiff; sourceTree = SOURCE_ROOT; };
		32645BBF200B0F8000BE6DE1 /* giphy.gif */ = {isa = PBXFileReference; lastKnownFileType = image.gif; name = giphy.gif; path = Loading_Img/giphy.gif; sourceTree = SOURCE_ROOT; };
		32645BC0200B0F8000BE6DE1 /* g42.tiff */ = {isa = PBXFileReference; lastKnownFileType = image.tiff; name = g42.tiff; path = Loading_Img/g42.tiff; sourceTree = SOURCE_ROOT; };
		32645BC1200B0F8000BE6DE1 /* g58.tiff */ = {isa = PBXFileReference; lastKnownFileType = image.tiff; name = g58.tiff; path = Loading_Img/g58.tiff; sourceTree = SOURCE_ROOT; };
		32645BC2200B0F8000BE6DE1 /* g70.tiff */ = {isa = PBXFileReference; lastKnownFileType = image.tiff; name = g70.tiff; path = Loading_Img/g70.tiff; sourceTree = SOURCE_ROOT; };
		32645BC3200B0F8000BE6DE1 /* g75.tiff */ = {isa = PBXFileReference; lastKnownFileType = image.tiff; name = g75.tiff; path = Loading_Img/g75.tiff; sourceTree = SOURCE_ROOT; };
		32645BC4200B0F8000BE6DE1 /* g53.tiff */ = {isa = PBXFileReference; lastKnownFileType = image.tiff; name = g53.tiff; path = Loading_Img/g53.tiff; sourceTree = SOURCE_ROOT; };
		32645BC5200B0F8000BE6DE1 /* g35.tiff */ = {isa = PBXFileReference; lastKnownFileType = image.tiff; name = g35.tiff; path = Loading_Img/g35.tiff; sourceTree = SOURCE_ROOT; };
		32645BC6200B0F8000BE6DE1 /* g51.tiff */ = {isa = PBXFileReference; lastKnownFileType = image.tiff; name = g51.tiff; path = Loading_Img/g51.tiff; sourceTree = SOURCE_ROOT; };
		32645BC7200B0F8000BE6DE1 /* g4.tiff */ = {isa = PBXFileReference; lastKnownFileType = image.tiff; name = g4.tiff; path = Loading_Img/g4.tiff; sourceTree = SOURCE_ROOT; };
		32645BC8200B0F8000BE6DE1 /* g65.tiff */ = {isa = PBXFileReference; lastKnownFileType = image.tiff; name = g65.tiff; path = Loading_Img/g65.tiff; sourceTree = SOURCE_ROOT; };
		32645BC9200B0F8100BE6DE1 /* g78.tiff */ = {isa = PBXFileReference; lastKnownFileType = image.tiff; name = g78.tiff; path = Loading_Img/g78.tiff; sourceTree = SOURCE_ROOT; };
		32645BCA200B0F8100BE6DE1 /* g61.tiff */ = {isa = PBXFileReference; lastKnownFileType = image.tiff; name = g61.tiff; path = Loading_Img/g61.tiff; sourceTree = SOURCE_ROOT; };
		32645BCB200B0F8100BE6DE1 /* g84.tiff */ = {isa = PBXFileReference; lastKnownFileType = image.tiff; name = g84.tiff; path = Loading_Img/g84.tiff; sourceTree = SOURCE_ROOT; };
		32645BCC200B0F8100BE6DE1 /* g11.tiff */ = {isa = PBXFileReference; lastKnownFileType = image.tiff; name = g11.tiff; path = Loading_Img/g11.tiff; sourceTree = SOURCE_ROOT; };
		32645BCD200B0F8100BE6DE1 /* c2.tiff */ = {isa = PBXFileReference; lastKnownFileType = image.tiff; name = c2.tiff; path = Loading_Img/c2.tiff; sourceTree = SOURCE_ROOT; };
		32645BCE200B0F8100BE6DE1 /* g16.tiff */ = {isa = PBXFileReference; lastKnownFileType = image.tiff; name = g16.tiff; path = Loading_Img/g16.tiff; sourceTree = SOURCE_ROOT; };
		32645BCF200B0F8100BE6DE1 /* g69.tiff */ = {isa = PBXFileReference; lastKnownFileType = image.tiff; name = g69.tiff; path = Loading_Img/g69.tiff; sourceTree = SOURCE_ROOT; };
		32645BD0200B0F8100BE6DE1 /* g2.tiff */ = {isa = PBXFileReference; lastKnownFileType = image.tiff; name = g2.tiff; path = Loading_Img/g2.tiff; sourceTree = SOURCE_ROOT; };
		32645BD1200B0F8100BE6DE1 /* g6.tiff */ = {isa = PBXFileReference; lastKnownFileType = image.tiff; name = g6.tiff; path = Loading_Img/g6.tiff; sourceTree = SOURCE_ROOT; };
		32645BD2200B0F8100BE6DE1 /* g8.tiff */ = {isa = PBXFileReference; lastKnownFileType = image.tiff; name = g8.tiff; path = Loading_Img/g8.tiff; sourceTree = SOURCE_ROOT; };
		32645BD3200B0F8100BE6DE1 /* g5.tiff */ = {isa = PBXFileReference; lastKnownFileType = image.tiff; name = g5.tiff; path = Loading_Img/g5.tiff; sourceTree = SOURCE_ROOT; };
		32645BD4200B0F8100BE6DE1 /* g46.tiff */ = {isa = PBXFileReference; lastKnownFileType = image.tiff; name = g46.tiff; path = Loading_Img/g46.tiff; sourceTree = SOURCE_ROOT; };
		32645BD5200B0F8100BE6DE1 /* g28.tiff */ = {isa = PBXFileReference; lastKnownFileType = image.tiff; name = g28.tiff; path = Loading_Img/g28.tiff; sourceTree = SOURCE_ROOT; };
		32645BD6200B0F8100BE6DE1 /* g34.tiff */ = {isa = PBXFileReference; lastKnownFileType = image.tiff; name = g34.tiff; path = Loading_Img/g34.tiff; sourceTree = SOURCE_ROOT; };
		32645BD7200B0F8100BE6DE1 /* g25.tiff */ = {isa = PBXFileReference; lastKnownFileType = image.tiff; name = g25.tiff; path = Loading_Img/g25.tiff; sourceTree = SOURCE_ROOT; };
		32645BD8200B0F8100BE6DE1 /* g26.tiff */ = {isa = PBXFileReference; lastKnownFileType = image.tiff; name = g26.tiff; path = Loading_Img/g26.tiff; sourceTree = SOURCE_ROOT; };
		32645BD9200B0F8100BE6DE1 /* g19.tiff */ = {isa = PBXFileReference; lastKnownFileType = image.tiff; name = g19.tiff; path = Loading_Img/g19.tiff; sourceTree = SOURCE_ROOT; };
		32645BDA200B0F8100BE6DE1 /* g23.tiff */ = {isa = PBXFileReference; lastKnownFileType = image.tiff; name = g23.tiff; path = Loading_Img/g23.tiff; sourceTree = SOURCE_ROOT; };
		32645BDB200B0F8100BE6DE1 /* g32.tiff */ = {isa = PBXFileReference; lastKnownFileType = image.tiff; name = g32.tiff; path = Loading_Img/g32.tiff; sourceTree = SOURCE_ROOT; };
		32645BDC200B0F8100BE6DE1 /* g40.tiff */ = {isa = PBXFileReference; lastKnownFileType = image.tiff; name = g40.tiff; path = Loading_Img/g40.tiff; sourceTree = SOURCE_ROOT; };
		32645C38200B102400BE6DE1 /* h5.mp4 */ = {isa = PBXFileReference; lastKnownFileType = file; name = h5.mp4; path = project_image/h5.mp4; sourceTree = SOURCE_ROOT; };
		32645C39200B102400BE6DE1 /* h2.mp4 */ = {isa = PBXFileReference; lastKnownFileType = file; name = h2.mp4; path = project_image/h2.mp4; sourceTree = SOURCE_ROOT; };
		32645C3A200B102400BE6DE1 /* h4.mp4 */ = {isa = PBXFileReference; lastKnownFileType = file; name = h4.mp4; path = project_image/h4.mp4; sourceTree = SOURCE_ROOT; };
		32645C3B200B102400BE6DE1 /* h1.mp4 */ = {isa = PBXFileReference; lastKnownFileType = file; name = h1.mp4; path = project_image/h1.mp4; sourceTree = SOURCE_ROOT; };
		32645C3C200B102400BE6DE1 /* h7.mp4 */ = {isa = PBXFileReference; lastKnownFileType = file; name = h7.mp4; path = project_image/h7.mp4; sourceTree = SOURCE_ROOT; };
		32645C3D200B102400BE6DE1 /* b.jpg */ = {isa = PBXFileReference; lastKnownFileType = image.jpeg; name = b.jpg; path = project_image/b.jpg; sourceTree = SOURCE_ROOT; };
		32645C3E200B102400BE6DE1 /* h6.mp4 */ = {isa = PBXFileReference; lastKnownFileType = file; name = h6.mp4; path = project_image/h6.mp4; sourceTree = SOURCE_ROOT; };
		32645C3F200B102400BE6DE1 /* tw.png */ = {isa = PBXFileReference; lastKnownFileType = image.png; name = tw.png; path = project_image/tw.png; sourceTree = SOURCE_ROOT; };
		32645C40200B102400BE6DE1 /* h3.mp4 */ = {isa = PBXFileReference; lastKnownFileType = file; name = h3.mp4; path = project_image/h3.mp4; sourceTree = SOURCE_ROOT; };
		32645C41200B102400BE6DE1 /* fb.png */ = {isa = PBXFileReference; lastKnownFileType = image.png; name = fb.png; path = project_image/fb.png; sourceTree = SOURCE_ROOT; };
		32645C4C200B107700BE6DE1 /* i1.jpg */ = {isa = PBXFileReference; lastKnownFileType = image.jpeg; name = i1.jpg; path = project_image/i1.jpg; sourceTree = SOURCE_ROOT; };
		32645C4D200B107700BE6DE1 /* i2.jpg */ = {isa = PBXFileReference; lastKnownFileType = image.jpeg; name = i2.jpg; path = project_image/i2.jpg; sourceTree = SOURCE_ROOT; };
		32645C4E200B107700BE6DE1 /* i5.jpg */ = {isa = PBXFileReference; lastKnownFileType = image.jpeg; name = i5.jpg; path = project_image/i5.jpg; sourceTree = SOURCE_ROOT; };
		32645C4F200B107700BE6DE1 /* TV1.jpg */ = {isa = PBXFileReference; lastKnownFileType = image.jpeg; name = TV1.jpg; path = project_image/TV1.jpg; sourceTree = SOURCE_ROOT; };
		32645C50200B107700BE6DE1 /* i7.jpg */ = {isa = PBXFileReference; lastKnownFileType = image.jpeg; name = i7.jpg; path = project_image/i7.jpg; sourceTree = SOURCE_ROOT; };
		32645C51200B107700BE6DE1 /* i3.jpg */ = {isa = PBXFileReference; lastKnownFileType = image.jpeg; name = i3.jpg; path = project_image/i3.jpg; sourceTree = SOURCE_ROOT; };
		32645C52200B107700BE6DE1 /* i6.jpg */ = {isa = PBXFileReference; lastKnownFileType = image.jpeg; name = i6.jpg; path = project_image/i6.jpg; sourceTree = SOURCE_ROOT; };
		32645C53200B107700BE6DE1 /* i4.jpg */ = {isa = PBXFileReference; lastKnownFileType = image.jpeg; name = i4.jpg; path = project_image/i4.jpg; sourceTree = SOURCE_ROOT; };
/* End PBXFileReference section */

/* Begin PBXFrameworksBuildPhase section */
		32517A571E595B2500117B17 /* Frameworks */ = {
			isa = PBXFrameworksBuildPhase;
			buildActionMask = 2147483647;
			files = (
				32517AA91E59A60F00117B17 /* Social.framework in Frameworks */,
				32517AA41E59934200117B17 /* AVKit.framework in Frameworks */,
				32517AA21E59933700117B17 /* AVFoundation.framework in Frameworks */,
			);
			runOnlyForDeploymentPostprocessing = 0;
		};
		32517A701E595B2500117B17 /* Frameworks */ = {
			isa = PBXFrameworksBuildPhase;
			buildActionMask = 2147483647;
			files = (
			);
			runOnlyForDeploymentPostprocessing = 0;
		};
		32517A7B1E595B2500117B17 /* Frameworks */ = {
			isa = PBXFrameworksBuildPhase;
			buildActionMask = 2147483647;
			files = (
			);
			runOnlyForDeploymentPostprocessing = 0;
		};
/* End PBXFrameworksBuildPhase section */

/* Begin PBXGroup section */
		320292AD1E6366B800658957 /* movies */ = {
			isa = PBXGroup;
			children = (
				32645C4C200B107700BE6DE1 /* i1.jpg */,
				32645C4D200B107700BE6DE1 /* i2.jpg */,
				32645C51200B107700BE6DE1 /* i3.jpg */,
				32645C53200B107700BE6DE1 /* i4.jpg */,
				32645C4E200B107700BE6DE1 /* i5.jpg */,
				32645C52200B107700BE6DE1 /* i6.jpg */,
				32645C50200B107700BE6DE1 /* i7.jpg */,
				32645C4F200B107700BE6DE1 /* TV1.jpg */,
			);
			name = movies;
			sourceTree = "<group>";
		};
		320292AE1E63670F00658957 /* socialSite */ = {
			isa = PBXGroup;
			children = (
				32645C3D200B102400BE6DE1 /* b.jpg */,
				32645C41200B102400BE6DE1 /* fb.png */,
				32645C3B200B102400BE6DE1 /* h1.mp4 */,
				32645C39200B102400BE6DE1 /* h2.mp4 */,
				32645C40200B102400BE6DE1 /* h3.mp4 */,
				32645C3A200B102400BE6DE1 /* h4.mp4 */,
				32645C38200B102400BE6DE1 /* h5.mp4 */,
				32645C3E200B102400BE6DE1 /* h6.mp4 */,
				32645C3C200B102400BE6DE1 /* h7.mp4 */,
				32645C3F200B102400BE6DE1 /* tw.png */,
			);
			name = socialSite;
			sourceTree = "<group>";
		};
		32517A511E595B2500117B17 = {
			isa = PBXGroup;
			children = (
				32517A5C1E595B2500117B17 /* MovieCrawler */,
				32517A761E595B2500117B17 /* MovieCrawlerTests */,
				32517A811E595B2500117B17 /* MovieCrawlerUITests */,
				32517A5B1E595B2500117B17 /* Products */,
				32517AA01E59933700117B17 /* Frameworks */,
			);
			sourceTree = "<group>";
		};
		32517A5B1E595B2500117B17 /* Products */ = {
			isa = PBXGroup;
			children = (
				32517A5A1E595B2500117B17 /* MovieCrawler.app */,
				32517A731E595B2500117B17 /* MovieCrawlerTests.xctest */,
				32517A7E1E595B2500117B17 /* MovieCrawlerUITests.xctest */,
			);
			name = Products;
			sourceTree = "<group>";
		};
		32517A5C1E595B2500117B17 /* MovieCrawler */ = {
			isa = PBXGroup;
			children = (
				32645B81200B0F4200BE6DE1 /* img */,
				32517A601E595B2500117B17 /* AppDelegate.h */,
				32517A611E595B2500117B17 /* AppDelegate.m */,
				32517A631E595B2500117B17 /* ViewController.h */,
				32517A641E595B2500117B17 /* ViewController.m */,
				32517A901E59657400117B17 /* TableViewController.h */,
				32517A911E59657400117B17 /* TableViewController.m */,
				320292AD1E6366B800658957 /* movies */,
				32517A931E59661800117B17 /* TableViewCell.h */,
				32517A941E59661800117B17 /* TableViewCell.m */,
				32517A9D1E598E8000117B17 /* ViewController3.h */,
				32517A9E1E598E8000117B17 /* ViewController3.m */,
				320292AE1E63670F00658957 /* socialSite */,
				32517A961E59673A00117B17 /* ViewController2.h */,
				32517A971E59673A00117B17 /* ViewController2.m */,
				32517A661E595B2500117B17 /* Main.storyboard */,
				32517A691E595B2500117B17 /* Assets.xcassets */,
				32517A6B1E595B2500117B17 /* LaunchScreen.storyboard */,
				32517A6E1E595B2500117B17 /* Info.plist */,
				32517A5D1E595B2500117B17 /* Supporting Files */,
			);
			path = MovieCrawler;
			sourceTree = "<group>";
		};
		32517A5D1E595B2500117B17 /* Supporting Files */ = {
			isa = PBXGroup;
			children = (
				32517A5E1E595B2500117B17 /* main.m */,
			);
			name = "Supporting Files";
			sourceTree = "<group>";
		};
		32517A761E595B2500117B17 /* MovieCrawlerTests */ = {
			isa = PBXGroup;
			children = (
				32517A771E595B2500117B17 /* MovieCrawlerTests.m */,
				32517A791E595B2500117B17 /* Info.plist */,
			);
			path = MovieCrawlerTests;
			sourceTree = "<group>";
		};
		32517A811E595B2500117B17 /* MovieCrawlerUITests */ = {
			isa = PBXGroup;
			children = (
				32517A821E595B2500117B17 /* MovieCrawlerUITests.m */,
				32517A841E595B2500117B17 /* Info.plist */,
			);
			path = MovieCrawlerUITests;
			sourceTree = "<group>";
		};
		32517AA01E59933700117B17 /* Frameworks */ = {
			isa = PBXGroup;
			children = (
				32517AA81E59A60F00117B17 /* Social.framework */,
				32517AA31E59934200117B17 /* AVKit.framework */,
				32517AA11E59933700117B17 /* AVFoundation.framework */,
			);
			name = Frameworks;
			sourceTree = "<group>";
		};
		32645B81200B0F4200BE6DE1 /* img */ = {
			isa = PBXGroup;
			children = (
				32645BA9200B0F7E00BE6DE1 /* c1.tiff */,
				32645BCD200B0F8100BE6DE1 /* c2.tiff */,
				32645BAA200B0F7E00BE6DE1 /* c3.tiff */,
				32645BAD200B0F7E00BE6DE1 /* c4.tiff */,
				32645BAB200B0F7E00BE6DE1 /* ca.gif */,
				32645B93200B0F7C00BE6DE1 /* g1.png */,
				32645B98200B0F7D00BE6DE1 /* g1.tiff */,
				32645BD0200B0F8100BE6DE1 /* g2.tiff */,
				32645BAE200B0F7E00BE6DE1 /* g3.tiff */,
				32645BC7200B0F8000BE6DE1 /* g4.tiff */,
				32645BD3200B0F8100BE6DE1 /* g5.tiff */,
				32645BD1200B0F8100BE6DE1 /* g6.tiff */,
				32645BAF200B0F7E00BE6DE1 /* g7.tiff */,
				32645BD2200B0F8100BE6DE1 /* g8.tiff */,
				32645B92200B0F7C00BE6DE1 /* g9.tiff */,
				32645BB8200B0F7F00BE6DE1 /* g10.tiff */,
				32645BCC200B0F8100BE6DE1 /* g11.tiff */,
				32645BA0200B0F7D00BE6DE1 /* g12.tiff */,
				32645B94200B0F7D00BE6DE1 /* g13.tiff */,
				32645BB0200B0F7E00BE6DE1 /* g14.tiff */,
				32645B95200B0F7D00BE6DE1 /* g15.tiff */,
				32645BCE200B0F8100BE6DE1 /* g16.tiff */,
				32645BA3200B0F7D00BE6DE1 /* g17.tiff */,
				32645B8E200B0F7C00BE6DE1 /* g18.tiff */,
				32645BD9200B0F8100BE6DE1 /* g19.tiff */,
				32645B82200B0F7C00BE6DE1 /* g20.tiff */,
				32645BBC200B0F7F00BE6DE1 /* g21.tiff */,
				32645BBD200B0F8000BE6DE1 /* g22.tiff */,
				32645BDA200B0F8100BE6DE1 /* g23.tiff */,
				32645BB6200B0F7F00BE6DE1 /* g24.tiff */,
				32645BD7200B0F8100BE6DE1 /* g25.tiff */,
				32645BD8200B0F8100BE6DE1 /* g26.tiff */,
				32645B89200B0F7C00BE6DE1 /* g27.tiff */,
				32645BD5200B0F8100BE6DE1 /* g28.tiff */,
				32645B83200B0F7C00BE6DE1 /* g29.tiff */,
				32645BA8200B0F7E00BE6DE1 /* g30.tiff */,
				32645B86200B0F7C00BE6DE1 /* g31.tiff */,
				32645BDB200B0F8100BE6DE1 /* g32.tiff */,
				32645B84200B0F7C00BE6DE1 /* g33.tiff */,
				32645BD6200B0F8100BE6DE1 /* g34.tiff */,
				32645BC5200B0F8000BE6DE1 /* g35.tiff */,
				32645B87200B0F7C00BE6DE1 /* g36.tiff */,
				32645B99200B0F7D00BE6DE1 /* g37.tiff */,
				32645BBA200B0F7F00BE6DE1 /* g38.tiff */,
				32645BB1200B0F7F00BE6DE1 /* g39.tiff */,
				32645BDC200B0F8100BE6DE1 /* g40.tiff */,
				32645B96200B0F7D00BE6DE1 /* g41.tiff */,
				32645BC0200B0F8000BE6DE1 /* g42.tiff */,
				32645BA1200B0F7D00BE6DE1 /* g43.tiff */,
				32645BB2200B0F7F00BE6DE1 /* g44.tiff */,
				32645B91200B0F7C00BE6DE1 /* g45.tiff */,
				32645BD4200B0F8100BE6DE1 /* g46.tiff */,
				32645B88200B0F7C00BE6DE1 /* g47.tiff */,
				32645BAC200B0F7E00BE6DE1 /* g48.tiff */,
				32645B8B200B0F7C00BE6DE1 /* g49.tiff */,
				32645B9E200B0F7D00BE6DE1 /* g50.tiff */,
				32645BC6200B0F8000BE6DE1 /* g51.tiff */,
				32645B97200B0F7D00BE6DE1 /* g52.tiff */,
				32645BC4200B0F8000BE6DE1 /* g53.tiff */,
				32645B9B200B0F7D00BE6DE1 /* g54.tiff */,
				32645B9C200B0F7D00BE6DE1 /* g55.tiff */,
				32645B9A200B0F7D00BE6DE1 /* g56.tiff */,
				32645B8C200B0F7C00BE6DE1 /* g57.tiff */,
				32645BC1200B0F8000BE6DE1 /* g58.tiff */,
				32645BB3200B0F7F00BE6DE1 /* g59.tiff */,
				32645B8D200B0F7C00BE6DE1 /* g60.tiff */,
				32645BCA200B0F8100BE6DE1 /* g61.tiff */,
				32645B9D200B0F7D00BE6DE1 /* g62.tiff */,
				32645BA2200B0F7D00BE6DE1 /* g63.tiff */,
				32645BB9200B0F7F00BE6DE1 /* g64.tiff */,
				32645BC8200B0F8000BE6DE1 /* g65.tiff */,
				32645BBB200B0F7F00BE6DE1 /* g66.tiff */,
				32645B9F200B0F7D00BE6DE1 /* g67.tiff */,
				32645B8A200B0F7C00BE6DE1 /* g68.tiff */,
				32645BCF200B0F8100BE6DE1 /* g69.tiff */,
				32645BC2200B0F8000BE6DE1 /* g70.tiff */,
				32645B8F200B0F7C00BE6DE1 /* g71.tiff */,
				32645B90200B0F7C00BE6DE1 /* g72.tiff */,
				32645BB7200B0F7F00BE6DE1 /* g73.tiff */,
				32645BA4200B0F7E00BE6DE1 /* g74.tiff */,
				32645BC3200B0F8000BE6DE1 /* g75.tiff */,
				32645BA5200B0F7E00BE6DE1 /* g76.tiff */,
				32645BA7200B0F7E00BE6DE1 /* g77.tiff */,
				32645BC9200B0F8100BE6DE1 /* g78.tiff */,
				32645BA6200B0F7E00BE6DE1 /* g79.tiff */,
				32645BB4200B0F7F00BE6DE1 /* g80.tiff */,
				32645BB5200B0F7F00BE6DE1 /* g81.tiff */,
				32645BBE200B0F8000BE6DE1 /* g82.tiff */,
				32645B85200B0F7C00BE6DE1 /* g83.tiff */,
				32645BCB200B0F8100BE6DE1 /* g84.tiff */,
				32645BBF200B0F8000BE6DE1 /* giphy.gif */,
			);
			name = img;
			sourceTree = "<group>";
		};
/* End PBXGroup section */

/* Begin PBXNativeTarget section */
		32517A591E595B2500117B17 /* MovieCrawler */ = {
			isa = PBXNativeTarget;
			buildConfigurationList = 32517A871E595B2500117B17 /* Build configuration list for PBXNativeTarget "MovieCrawler" */;
			buildPhases = (
				32517A561E595B2500117B17 /* Sources */,
				32517A571E595B2500117B17 /* Frameworks */,
				32517A581E595B2500117B17 /* Resources */,
			);
			buildRules = (
			);
			dependencies = (
			);
			name = MovieCrawler;
			productName = MovieCrawler;
			productReference = 32517A5A1E595B2500117B17 /* MovieCrawler.app */;
			productType = "com.apple.product-type.application";
		};
		32517A721E595B2500117B17 /* MovieCrawlerTests */ = {
			isa = PBXNativeTarget;
			buildConfigurationList = 32517A8A1E595B2500117B17 /* Build configuration list for PBXNativeTarget "MovieCrawlerTests" */;
			buildPhases = (
				32517A6F1E595B2500117B17 /* Sources */,
				32517A701E595B2500117B17 /* Frameworks */,
				32517A711E595B2500117B17 /* Resources */,
			);
			buildRules = (
			);
			dependencies = (
				32517A751E595B2500117B17 /* PBXTargetDependency */,
			);
			name = MovieCrawlerTests;
			productName = MovieCrawlerTests;
			productReference = 32517A731E595B2500117B17 /* MovieCrawlerTests.xctest */;
			productType = "com.apple.product-type.bundle.unit-test";
		};
		32517A7D1E595B2500117B17 /* MovieCrawlerUITests */ = {
			isa = PBXNativeTarget;
			buildConfigurationList = 32517A8D1E595B2500117B17 /* Build configuration list for PBXNativeTarget "MovieCrawlerUITests" */;
			buildPhases = (
				32517A7A1E595B2500117B17 /* Sources */,
				32517A7B1E595B2500117B17 /* Frameworks */,
				32517A7C1E595B2500117B17 /* Resources */,
			);
			buildRules = (
			);
			dependencies = (
				32517A801E595B2500117B17 /* PBXTargetDependency */,
			);
			name = MovieCrawlerUITests;
			productName = MovieCrawlerUITests;
			productReference = 32517A7E1E595B2500117B17 /* MovieCrawlerUITests.xctest */;
			productType = "com.apple.product-type.bundle.ui-testing";
		};
/* End PBXNativeTarget section */

/* Begin PBXProject section */
		32517A521E595B2500117B17 /* Project object */ = {
			isa = PBXProject;
			attributes = {
				LastUpgradeCheck = 0920;
				ORGANIZATIONNAME = "Aashutosh Singh";
				TargetAttributes = {
					32517A591E595B2500117B17 = {
						CreatedOnToolsVersion = 8.2.1;
						DevelopmentTeam = 2Y623QUS58;
						ProvisioningStyle = Automatic;
					};
					32517A721E595B2500117B17 = {
						CreatedOnToolsVersion = 8.2.1;
						ProvisioningStyle = Automatic;
						TestTargetID = 32517A591E595B2500117B17;
					};
					32517A7D1E595B2500117B17 = {
						CreatedOnToolsVersion = 8.2.1;
						ProvisioningStyle = Automatic;
						TestTargetID = 32517A591E595B2500117B17;
					};
				};
			};
			buildConfigurationList = 32517A551E595B2500117B17 /* Build configuration list for PBXProject "MovieCrawler" */;
			compatibilityVersion = "Xcode 3.2";
			developmentRegion = English;
			hasScannedForEncodings = 0;
			knownRegions = (
				en,
				Base,
			);
			mainGroup = 32517A511E595B2500117B17;
			productRefGroup = 32517A5B1E595B2500117B17 /* Products */;
			projectDirPath = "";
			projectRoot = "";
			targets = (
				32517A591E595B2500117B17 /* MovieCrawler */,
				32517A721E595B2500117B17 /* MovieCrawlerTests */,
				32517A7D1E595B2500117B17 /* MovieCrawlerUITests */,
			);
		};
/* End PBXProject section */

/* Begin PBXResourcesBuildPhase section */
		32517A581E595B2500117B17 /* Resources */ = {
			isa = PBXResourcesBuildPhase;
			buildActionMask = 2147483647;
			files = (
				32645BF7200B0F8100BE6DE1 /* g55.tiff in Resources */,
				32645C4B200B102400BE6DE1 /* fb.png in Resources */,
				32645C35200B0F8100BE6DE1 /* g23.tiff in Resources */,
				32645BFE200B0F8100BE6DE1 /* g17.tiff in Resources */,
				32645BE6200B0F8100BE6DE1 /* g49.tiff in Resources */,
				32645C54200B107700BE6DE1 /* i1.jpg in Resources */,
				32645BE9200B0F8100BE6DE1 /* g18.tiff in Resources */,
				32645BFD200B0F8100BE6DE1 /* g63.tiff in Resources */,
				32645C10200B0F8100BE6DE1 /* g81.tiff in Resources */,
				32645C12200B0F8100BE6DE1 /* g73.tiff in Resources */,
				32645BF0200B0F8100BE6DE1 /* g15.tiff in Resources */,
				32645C2F200B0F8100BE6DE1 /* g46.tiff in Resources */,
				32645C44200B102400BE6DE1 /* h4.mp4 in Resources */,
				32645C16200B0F8100BE6DE1 /* g66.tiff in Resources */,
				32645C1A200B0F8100BE6DE1 /* giphy.gif in Resources */,
				32645C5A200B107700BE6DE1 /* i6.jpg in Resources */,
				32645C59200B107700BE6DE1 /* i3.jpg in Resources */,
				32645BF6200B0F8100BE6DE1 /* g54.tiff in Resources */,
				32645C48200B102400BE6DE1 /* h6.mp4 in Resources */,
				32645C2A200B0F8100BE6DE1 /* g69.tiff in Resources */,
				32645C1B200B0F8100BE6DE1 /* g42.tiff in Resources */,
				32645BEB200B0F8100BE6DE1 /* g72.tiff in Resources */,
				32645C0A200B0F8100BE6DE1 /* g7.tiff in Resources */,
				32645BFF200B0F8100BE6DE1 /* g74.tiff in Resources */,
				32645C49200B102400BE6DE1 /* tw.png in Resources */,
				32645BFC200B0F8100BE6DE1 /* g43.tiff in Resources */,
				32645BEC200B0F8100BE6DE1 /* g45.tiff in Resources */,
				32645C05200B0F8100BE6DE1 /* c3.tiff in Resources */,
				32645BE2200B0F8100BE6DE1 /* g36.tiff in Resources */,
				32645C02200B0F8100BE6DE1 /* g77.tiff in Resources */,
				32645C23200B0F8100BE6DE1 /* g65.tiff in Resources */,
				32645BE5200B0F8100BE6DE1 /* g68.tiff in Resources */,
				32645C4A200B102400BE6DE1 /* h3.mp4 in Resources */,
				32645BDE200B0F8100BE6DE1 /* g29.tiff in Resources */,
				32645C33200B0F8100BE6DE1 /* g26.tiff in Resources */,
				32645C22200B0F8100BE6DE1 /* g4.tiff in Resources */,
				32645C47200B102400BE6DE1 /* b.jpg in Resources */,
				32645C24200B0F8100BE6DE1 /* g78.tiff in Resources */,
				32645C25200B0F8100BE6DE1 /* g61.tiff in Resources */,
				32645C03200B0F8100BE6DE1 /* g30.tiff in Resources */,
				32645C06200B0F8100BE6DE1 /* ca.gif in Resources */,
				32645BEE200B0F8100BE6DE1 /* g1.png in Resources */,
				32645C0C200B0F8100BE6DE1 /* g39.tiff in Resources */,
				32645C31200B0F8100BE6DE1 /* g34.tiff in Resources */,
				32645C37200B0F8100BE6DE1 /* g40.tiff in Resources */,
				32645C29200B0F8100BE6DE1 /* g16.tiff in Resources */,
				32645C43200B102400BE6DE1 /* h2.mp4 in Resources */,
				32645C32200B0F8100BE6DE1 /* g25.tiff in Resources */,
				32645C04200B0F8100BE6DE1 /* c1.tiff in Resources */,
				32645C0F200B0F8100BE6DE1 /* g80.tiff in Resources */,
				32645C0E200B0F8100BE6DE1 /* g59.tiff in Resources */,
				32645BE4200B0F8100BE6DE1 /* g27.tiff in Resources */,
				32517A6D1E595B2500117B17 /* LaunchScreen.storyboard in Resources */,
				32645BF4200B0F8100BE6DE1 /* g37.tiff in Resources */,
				32645BE1200B0F8100BE6DE1 /* g31.tiff in Resources */,
				32645C17200B0F8100BE6DE1 /* g21.tiff in Resources */,
				32645C30200B0F8100BE6DE1 /* g28.tiff in Resources */,
				32645BDF200B0F8100BE6DE1 /* g33.tiff in Resources */,
				32645C1D200B0F8100BE6DE1 /* g70.tiff in Resources */,
				32645C11200B0F8100BE6DE1 /* g24.tiff in Resources */,
				32645C26200B0F8100BE6DE1 /* g84.tiff in Resources */,
				32645BE7200B0F8100BE6DE1 /* g57.tiff in Resources */,
				32645C09200B0F8100BE6DE1 /* g3.tiff in Resources */,
				32645C28200B0F8100BE6DE1 /* c2.tiff in Resources */,
				32645C46200B102400BE6DE1 /* h7.mp4 in Resources */,
				32645C19200B0F8100BE6DE1 /* g82.tiff in Resources */,
				32645C5B200B107700BE6DE1 /* i4.jpg in Resources */,
				32645C45200B102400BE6DE1 /* h1.mp4 in Resources */,
				32517A6A1E595B2500117B17 /* Assets.xcassets in Resources */,
				32645C2C200B0F8100BE6DE1 /* g6.tiff in Resources */,
				32645BF8200B0F8100BE6DE1 /* g62.tiff in Resources */,
				32645BF1200B0F8100BE6DE1 /* g41.tiff in Resources */,
				32645C57200B107700BE6DE1 /* TV1.jpg in Resources */,
				32645C2B200B0F8100BE6DE1 /* g2.tiff in Resources */,
				32645BF2200B0F8100BE6DE1 /* g52.tiff in Resources */,
				32645BEF200B0F8100BE6DE1 /* g13.tiff in Resources */,
				32645C1C200B0F8100BE6DE1 /* g58.tiff in Resources */,
				32645C13200B0F8100BE6DE1 /* g10.tiff in Resources */,
				32517A681E595B2500117B17 /* Main.storyboard in Resources */,
				32645C2E200B0F8100BE6DE1 /* g5.tiff in Resources */,
				32645C55200B107700BE6DE1 /* i2.jpg in Resources */,
				32645C08200B0F8100BE6DE1 /* c4.tiff in Resources */,
				32645C20200B0F8100BE6DE1 /* g35.tiff in Resources */,
				32645C1F200B0F8100BE6DE1 /* g53.tiff in Resources */,
				32645C56200B107700BE6DE1 /* i5.jpg in Resources */,
				32645C36200B0F8100BE6DE1 /* g32.tiff in Resources */,
				32645C18200B0F8100BE6DE1 /* g22.tiff in Resources */,
				32645BE8200B0F8100BE6DE1 /* g60.tiff in Resources */,
				32645C21200B0F8100BE6DE1 /* g51.tiff in Resources */,
				32645C27200B0F8100BE6DE1 /* g11.tiff in Resources */,
				32645BFB200B0F8100BE6DE1 /* g12.tiff in Resources */,
				32645BEA200B0F8100BE6DE1 /* g71.tiff in Resources */,
				32645C58200B107700BE6DE1 /* i7.jpg in Resources */,
				32645C1E200B0F8100BE6DE1 /* g75.tiff in Resources */,
				32645C2D200B0F8100BE6DE1 /* g8.tiff in Resources */,
				32645BDD200B0F8100BE6DE1 /* g20.tiff in Resources */,
				32645BED200B0F8100BE6DE1 /* g9.tiff in Resources */,
				32645C07200B0F8100BE6DE1 /* g48.tiff in Resources */,
				32645BE3200B0F8100BE6DE1 /* g47.tiff in Resources */,
				32645BF9200B0F8100BE6DE1 /* g50.tiff in Resources */,
				32645C15200B0F8100BE6DE1 /* g38.tiff in Resources */,
				32645BE0200B0F8100BE6DE1 /* g83.tiff in Resources */,
				32645C00200B0F8100BE6DE1 /* g76.tiff in Resources */,
				32645BF5200B0F8100BE6DE1 /* g56.tiff in Resources */,
				32645C42200B102400BE6DE1 /* h5.mp4 in Resources */,
				32645C14200B0F8100BE6DE1 /* g64.tiff in Resources */,
				32645BFA200B0F8100BE6DE1 /* g67.tiff in Resources */,
				32645BF3200B0F8100BE6DE1 /* g1.tiff in Resources */,
				32645C0D200B0F8100BE6DE1 /* g44.tiff in Resources */,
				32645C34200B0F8100BE6DE1 /* g19.tiff in Resources */,
				32645C01200B0F8100BE6DE1 /* g79.tiff in Resources */,
				32645C0B200B0F8100BE6DE1 /* g14.tiff in Resources */,
			);
			runOnlyForDeploymentPostprocessing = 0;
		};
		32517A711E595B2500117B17 /* Resources */ = {
			isa = PBXResourcesBuildPhase;
			buildActionMask = 2147483647;
			files = (
			);
			runOnlyForDeploymentPostprocessing = 0;
		};
		32517A7C1E595B2500117B17 /* Resources */ = {
			isa = PBXResourcesBuildPhase;
			buildActionMask = 2147483647;
			files = (
			);
			runOnlyForDeploymentPostprocessing = 0;
		};
/* End PBXResourcesBuildPhase section */

/* Begin PBXSourcesBuildPhase section */
		32517A561E595B2500117B17 /* Sources */ = {
			isa = PBXSourcesBuildPhase;
			buildActionMask = 2147483647;
			files = (
				32517A651E595B2500117B17 /* ViewController.m in Sources */,
				32517A621E595B2500117B17 /* AppDelegate.m in Sources */,
				32517A5F1E595B2500117B17 /* main.m in Sources */,
				32517A951E59661800117B17 /* TableViewCell.m in Sources */,
				32517A921E59657400117B17 /* TableViewController.m in Sources */,
				32517A981E59673A00117B17 /* ViewController2.m in Sources */,
				32517A9F1E598E8000117B17 /* ViewController3.m in Sources */,
			);
			runOnlyForDeploymentPostprocessing = 0;
		};
		32517A6F1E595B2500117B17 /* Sources */ = {
			isa = PBXSourcesBuildPhase;
			buildActionMask = 2147483647;
			files = (
				32517A781E595B2500117B17 /* MovieCrawlerTests.m in Sources */,
			);
			runOnlyForDeploymentPostprocessing = 0;
		};
		32517A7A1E595B2500117B17 /* Sources */ = {
			isa = PBXSourcesBuildPhase;
			buildActionMask = 2147483647;
			files = (
				32517A831E595B2500117B17 /* MovieCrawlerUITests.m in Sources */,
			);
			runOnlyForDeploymentPostprocessing = 0;
		};
/* End PBXSourcesBuildPhase section */

/* Begin PBXTargetDependency section */
		32517A751E595B2500117B17 /* PBXTargetDependency */ = {
			isa = PBXTargetDependency;
			target = 32517A591E595B2500117B17 /* MovieCrawler */;
			targetProxy = 32517A741E595B2500117B17 /* PBXContainerItemProxy */;
		};
		32517A801E595B2500117B17 /* PBXTargetDependency */ = {
			isa = PBXTargetDependency;
			target = 32517A591E595B2500117B17 /* MovieCrawler */;
			targetProxy = 32517A7F1E595B2500117B17 /* PBXContainerItemProxy */;
		};
/* End PBXTargetDependency section */

/* Begin PBXVariantGroup section */
		32517A661E595B2500117B17 /* Main.storyboard */ = {
			isa = PBXVariantGroup;
			children = (
				32517A671E595B2500117B17 /* Base */,
			);
			name = Main.storyboard;
			sourceTree = "<group>";
		};
		32517A6B1E595B2500117B17 /* LaunchScreen.storyboard */ = {
			isa = PBXVariantGroup;
			children = (
				32517A6C1E595B2500117B17 /* Base */,
			);
			name = LaunchScreen.storyboard;
			sourceTree = "<group>";
		};
/* End PBXVariantGroup section */

/* Begin XCBuildConfiguration section */
		32517A851E595B2500117B17 /* Debug */ = {
			isa = XCBuildConfiguration;
			buildSettings = {
				ALWAYS_SEARCH_USER_PATHS = NO;
				CLANG_ANALYZER_NONNULL = YES;
				CLANG_CXX_LANGUAGE_STANDARD = "gnu++0x";
				CLANG_CXX_LIBRARY = "libc++";
				CLANG_ENABLE_MODULES = YES;
				CLANG_ENABLE_OBJC_ARC = YES;
				CLANG_WARN_BLOCK_CAPTURE_AUTORELEASING = YES;
				CLANG_WARN_BOOL_CONVERSION = YES;
				CLANG_WARN_COMMA = YES;
				CLANG_WARN_CONSTANT_CONVERSION = YES;
				CLANG_WARN_DIRECT_OBJC_ISA_USAGE = YES_ERROR;
				CLANG_WARN_DOCUMENTATION_COMMENTS = YES;
				CLANG_WARN_EMPTY_BODY = YES;
				CLANG_WARN_ENUM_CONVERSION = YES;
				CLANG_WARN_INFINITE_RECURSION = YES;
				CLANG_WARN_INT_CONVERSION = YES;
				CLANG_WARN_NON_LITERAL_NULL_CONVERSION = YES;
				CLANG_WARN_OBJC_LITERAL_CONVERSION = YES;
				CLANG_WARN_OBJC_ROOT_CLASS = YES_ERROR;
				CLANG_WARN_RANGE_LOOP_ANALYSIS = YES;
				CLANG_WARN_STRICT_PROTOTYPES = YES;
				CLANG_WARN_SUSPICIOUS_MOVE = YES;
				CLANG_WARN_UNREACHABLE_CODE = YES;
				CLANG_WARN__DUPLICATE_METHOD_MATCH = YES;
				"CODE_SIGN_IDENTITY[sdk=iphoneos*]" = "iPhone Developer";
				COPY_PHASE_STRIP = NO;
				DEBUG_INFORMATION_FORMAT = dwarf;
				ENABLE_STRICT_OBJC_MSGSEND = YES;
				ENABLE_TESTABILITY = YES;
				GCC_C_LANGUAGE_STANDARD = gnu99;
				GCC_DYNAMIC_NO_PIC = NO;
				GCC_NO_COMMON_BLOCKS = YES;
				GCC_OPTIMIZATION_LEVEL = 0;
				GCC_PREPROCESSOR_DEFINITIONS = (
					"DEBUG=1",
					"$(inherited)",
				);
				GCC_WARN_64_TO_32_BIT_CONVERSION = YES;
				GCC_WARN_ABOUT_RETURN_TYPE = YES_ERROR;
				GCC_WARN_UNDECLARED_SELECTOR = YES;
				GCC_WARN_UNINITIALIZED_AUTOS = YES_AGGRESSIVE;
				GCC_WARN_UNUSED_FUNCTION = YES;
				GCC_WARN_UNUSED_VARIABLE = YES;
				IPHONEOS_DEPLOYMENT_TARGET = 10.2;
				MTL_ENABLE_DEBUG_INFO = YES;
				ONLY_ACTIVE_ARCH = YES;
				SDKROOT = iphoneos;
			};
			name = Debug;
		};
		32517A861E595B2500117B17 /* Release */ = {
			isa = XCBuildConfiguration;
			buildSettings = {
				ALWAYS_SEARCH_USER_PATHS = NO;
				CLANG_ANALYZER_NONNULL = YES;
				CLANG_CXX_LANGUAGE_STANDARD = "gnu++0x";
				CLANG_CXX_LIBRARY = "libc++";
				CLANG_ENABLE_MODULES = YES;
				CLANG_ENABLE_OBJC_ARC = YES;
				CLANG_WARN_BLOCK_CAPTURE_AUTORELEASING = YES;
				CLANG_WARN_BOOL_CONVERSION = YES;
				CLANG_WARN_COMMA = YES;
				CLANG_WARN_CONSTANT_CONVERSION = YES;
				CLANG_WARN_DIRECT_OBJC_ISA_USAGE = YES_ERROR;
				CLANG_WARN_DOCUMENTATION_COMMENTS = YES;
				CLANG_WARN_EMPTY_BODY = YES;
				CLANG_WARN_ENUM_CONVERSION = YES;
				CLANG_WARN_INFINITE_RECURSION = YES;
				CLANG_WARN_INT_CONVERSION = YES;
				CLANG_WARN_NON_LITERAL_NULL_CONVERSION = YES;
				CLANG_WARN_OBJC_LITERAL_CONVERSION = YES;
				CLANG_WARN_OBJC_ROOT_CLASS = YES_ERROR;
				CLANG_WARN_RANGE_LOOP_ANALYSIS = YES;
				CLANG_WARN_STRICT_PROTOTYPES = YES;
				CLANG_WARN_SUSPICIOUS_MOVE = YES;
				CLANG_WARN_UNREACHABLE_CODE = YES;
				CLANG_WARN__DUPLICATE_METHOD_MATCH = YES;
				"CODE_SIGN_IDENTITY[sdk=iphoneos*]" = "iPhone Developer";
				COPY_PHASE_STRIP = NO;
				DEBUG_INFORMATION_FORMAT = "dwarf-with-dsym";
				ENABLE_NS_ASSERTIONS = NO;
				ENABLE_STRICT_OBJC_MSGSEND = YES;
				GCC_C_LANGUAGE_STANDARD = gnu99;
				GCC_NO_COMMON_BLOCKS = YES;
				GCC_WARN_64_TO_32_BIT_CONVERSION = YES;
				GCC_WARN_ABOUT_RETURN_TYPE = YES_ERROR;
				GCC_WARN_UNDECLARED_SELECTOR = YES;
				GCC_WARN_UNINITIALIZED_AUTOS = YES_AGGRESSIVE;
				GCC_WARN_UNUSED_FUNCTION = YES;
				GCC_WARN_UNUSED_VARIABLE = YES;
				IPHONEOS_DEPLOYMENT_TARGET = 10.2;
				MTL_ENABLE_DEBUG_INFO = NO;
				SDKROOT = iphoneos;
				VALIDATE_PRODUCT = YES;
			};
			name = Release;
		};
		32517A881E595B2500117B17 /* Debug */ = {
			isa = XCBuildConfiguration;
			buildSettings = {
				ASSETCATALOG_COMPILER_APPICON_NAME = AppIcon;
				DEVELOPMENT_TEAM = 2Y623QUS58;
				INFOPLIST_FILE = MovieCrawler/Info.plist;
				IPHONEOS_DEPLOYMENT_TARGET = 9.3;
				LD_RUNPATH_SEARCH_PATHS = "$(inherited) @executable_path/Frameworks";
				PRODUCT_BUNDLE_IDENTIFIER = Aashutosh.MovieCrawler;
				PRODUCT_NAME = "$(TARGET_NAME)";
			};
			name = Debug;
		};
		32517A891E595B2500117B17 /* Release */ = {
			isa = XCBuildConfiguration;
			buildSettings = {
				ASSETCATALOG_COMPILER_APPICON_NAME = AppIcon;
				DEVELOPMENT_TEAM = 2Y623QUS58;
				INFOPLIST_FILE = MovieCrawler/Info.plist;
				IPHONEOS_DEPLOYMENT_TARGET = 9.3;
				LD_RUNPATH_SEARCH_PATHS = "$(inherited) @executable_path/Frameworks";
				PRODUCT_BUNDLE_IDENTIFIER = Aashutosh.MovieCrawler;
				PRODUCT_NAME = "$(TARGET_NAME)";
			};
			name = Release;
		};
		32517A8B1E595B2500117B17 /* Debug */ = {
			isa = XCBuildConfiguration;
			buildSettings = {
				BUNDLE_LOADER = "$(TEST_HOST)";
				INFOPLIST_FILE = MovieCrawlerTests/Info.plist;
				LD_RUNPATH_SEARCH_PATHS = "$(inherited) @executable_path/Frameworks @loader_path/Frameworks";
				PRODUCT_BUNDLE_IDENTIFIER = Aashutosh.MovieCrawlerTests;
				PRODUCT_NAME = "$(TARGET_NAME)";
				TEST_HOST = "$(BUILT_PRODUCTS_DIR)/MovieCrawler.app/MovieCrawler";
			};
			name = Debug;
		};
		32517A8C1E595B2500117B17 /* Release */ = {
			isa = XCBuildConfiguration;
			buildSettings = {
				BUNDLE_LOADER = "$(TEST_HOST)";
				INFOPLIST_FILE = MovieCrawlerTests/Info.plist;
				LD_RUNPATH_SEARCH_PATHS = "$(inherited) @executable_path/Frameworks @loader_path/Frameworks";
				PRODUCT_BUNDLE_IDENTIFIER = Aashutosh.MovieCrawlerTests;
				PRODUCT_NAME = "$(TARGET_NAME)";
				TEST_HOST = "$(BUILT_PRODUCTS_DIR)/MovieCrawler.app/MovieCrawler";
			};
			name = Release;
		};
		32517A8E1E595B2500117B17 /* Debug */ = {
			isa = XCBuildConfiguration;
			buildSettings = {
				INFOPLIST_FILE = MovieCrawlerUITests/Info.plist;
				LD_RUNPATH_SEARCH_PATHS = "$(inherited) @executable_path/Frameworks @loader_path/Frameworks";
				PRODUCT_BUNDLE_IDENTIFIER = Aashutosh.MovieCrawlerUITests;
				PRODUCT_NAME = "$(TARGET_NAME)";
				TEST_TARGET_NAME = MovieCrawler;
			};
			name = Debug;
		};
		32517A8F1E595B2500117B17 /* Release */ = {
			isa = XCBuildConfiguration;
			buildSettings = {
				INFOPLIST_FILE = MovieCrawlerUITests/Info.plist;
				LD_RUNPATH_SEARCH_PATHS = "$(inherited) @executable_path/Frameworks @loader_path/Frameworks";
				PRODUCT_BUNDLE_IDENTIFIER = Aashutosh.MovieCrawlerUITests;
				PRODUCT_NAME = "$(TARGET_NAME)";
				TEST_TARGET_NAME = MovieCrawler;
			};
			name = Release;
		};
/* End XCBuildConfiguration section */

/* Begin XCConfigurationList section */
		32517A551E595B2500117B17 /* Build configuration list for PBXProject "MovieCrawler" */ = {
			isa = XCConfigurationList;
			buildConfigurations = (
				32517A851E595B2500117B17 /* Debug */,
				32517A861E595B2500117B17 /* Release */,
			);
			defaultConfigurationIsVisible = 0;
			defaultConfigurationName = Release;
		};
		32517A871E595B2500117B17 /* Build configuration list for PBXNativeTarget "MovieCrawler" */ = {
			isa = XCConfigurationList;
			buildConfigurations = (
				32517A881E595B2500117B17 /* Debug */,
				32517A891E595B2500117B17 /* Release */,
			);
			defaultConfigurationIsVisible = 0;
			defaultConfigurationName = Release;
		};
		32517A8A1E595B2500117B17 /* Build configuration list for PBXNativeTarget "MovieCrawlerTests" */ = {
			isa = XCConfigurationList;
			buildConfigurations = (
				32517A8B1E595B2500117B17 /* Debug */,
				32517A8C1E595B2500117B17 /* Release */,
			);
			defaultConfigurationIsVisible = 0;
			defaultConfigurationName = Release;
		};
		32517A8D1E595B2500117B17 /* Build configuration list for PBXNativeTarget "MovieCrawlerUITests" */ = {
			isa = XCConfigurationList;
			buildConfigurations = (
				32517A8E1E595B2500117B17 /* Debug */,
				32517A8F1E595B2500117B17 /* Release */,
			);
			defaultConfigurationIsVisible = 0;
			defaultConfigurationName = Release;
		};
/* End XCConfigurationList section */
	};
	rootObject = 32517A521E595B2500117B17 /* Project object */;
}
